
Microsoft Visual Studio Solution File, Format Version 12.00
# Visual Studio Version 17
VisualStudioVersion = 17.5.33414.496
MinimumVisualStudioVersion = 10.0.40219.1
Project("{9A19103F-16F7-4668-BE54-9A1E7A4F7556}") = "Uniza.Namedays", "Uniza.Namedays\Uniza.Namedays.csproj", "{00112331-602A-4C7F-A339-0FB8F8D4675F}"
EndProject
Project("{9A19103F-16F7-4668-BE54-9A1E7A4F7556}") = "Uniza.Namedays.ViewerConsoleApp", "Uniza.Namedays.ViewerConsoleApp\Uniza.Namedays.ViewerConsoleApp.csproj", "{54F050D6-F553-40D8-AB07-C624CE8B8807}"
EndProject
Global
	GlobalSection(SolutionConfigurationPlatforms) = preSolution
		Debug|Any CPU = Debug|Any CPU
		Release|Any CPU = Release|Any CPU
	EndGlobalSection
	GlobalSection(ProjectConfigurationPlatforms) = postSolution
		{00112331-602A-4C7F-A339-0FB8F8D4675F}.Debug|Any CPU.ActiveCfg = Debug|Any CPU
		{00112331-602A-4C7F-A339-0FB8F8D4675F}.Debug|Any CPU.Build.0 = Debug|Any CPU
		{00112331-602A-4C7F-A339-0FB8F8D4675F}.Release|Any CPU.ActiveCfg = Release|Any CPU
		{00112331-602A-4C7F-A339-0FB8F8D4675F}.Release|Any CPU.Build.0 = Release|Any CPU
		{54F050D6-F553-40D8-AB07-C624CE8B8807}.Debug|Any CPU.ActiveCfg = Debug|Any CPU
		{54F050D6-F553-40D8-AB07-C624CE8B8807}.Debug|Any CPU.Build.0 = Debug|Any CPU
		{54F050D6-F553-40D8-AB07-C624CE8B8807}.Release|Any CPU.ActiveCfg = Release|Any CPU
		{54F050D6-F553-40D8-AB07-C624CE8B8807}.Release|Any CPU.Build.0 = Release|Any CPU
	EndGlobalSection
	GlobalSection(SolutionProperties) = preSolution
		HideSolutionNode = FALSE
	EndGlobalSection
	GlobalSection(ExtensibilityGlobals) = postSolution
		SolutionGuid = {02E88A32-E274-4469-8EB9-627E4DAFBADB}
	EndGlobalSection
EndGlobal
